
Microsoft Visual Studio Solution File, Format Version 12.00
# Visual Studio Version 17
VisualStudioVersion = 17.14.36401.2 d17.14
MinimumVisualStudioVersion = 10.0.40219.1
Project("{FAE04EC0-301F-11D3-BF4B-00C04F79EFBC}") = "EjercicioHospedajehotelCondicionales", "EjercicioHospedajehotelCondicionales\EjercicioHospedajehotelCondicionales.csproj", "{C0B880B9-D6A3-410C-A4BB-3E8D5914EA12}"
EndProject
Global
	GlobalSection(SolutionConfigurationPlatforms) = preSolution
		Debug|Any CPU = Debug|Any CPU
		Release|Any CPU = Release|Any CPU
	EndGlobalSection
	GlobalSection(ProjectConfigurationPlatforms) = postSolution
		{C0B880B9-D6A3-410C-A4BB-3E8D5914EA12}.Debug|Any CPU.ActiveCfg = Debug|Any CPU
		{C0B880B9-D6A3-410C-A4BB-3E8D5914EA12}.Debug|Any CPU.Build.0 = Debug|Any CPU
		{C0B880B9-D6A3-410C-A4BB-3E8D5914EA12}.Release|Any CPU.ActiveCfg = Release|Any CPU
		{C0B880B9-D6A3-410C-A4BB-3E8D5914EA12}.Release|Any CPU.Build.0 = Release|Any CPU
	EndGlobalSection
	GlobalSection(SolutionProperties) = preSolution
		HideSolutionNode = FALSE
	EndGlobalSection
	GlobalSection(ExtensibilityGlobals) = postSolution
		SolutionGuid = {ADFF229B-4C78-44FE-9AD2-91E53D96860B}
	EndGlobalSection
EndGlobal
