
Microsoft Visual Studio Solution File, Format Version 12.00
# Visual Studio Version 17
VisualStudioVersion = 17.14.36401.2 d17.14
MinimumVisualStudioVersion = 10.0.40219.1
Project("{FAE04EC0-301F-11D3-BF4B-00C04F79EFBC}") = "TallerCondicionalesPunto1", "TallerCondicionalesPunto1\TallerCondicionalesPunto1.csproj", "{E77D0571-3353-4ED7-A85F-574319781513}"
EndProject
Global
	GlobalSection(SolutionConfigurationPlatforms) = preSolution
		Debug|Any CPU = Debug|Any CPU
		Release|Any CPU = Release|Any CPU
	EndGlobalSection
	GlobalSection(ProjectConfigurationPlatforms) = postSolution
		{E77D0571-3353-4ED7-A85F-574319781513}.Debug|Any CPU.ActiveCfg = Debug|Any CPU
		{E77D0571-3353-4ED7-A85F-574319781513}.Debug|Any CPU.Build.0 = Debug|Any CPU
		{E77D0571-3353-4ED7-A85F-574319781513}.Release|Any CPU.ActiveCfg = Release|Any CPU
		{E77D0571-3353-4ED7-A85F-574319781513}.Release|Any CPU.Build.0 = Release|Any CPU
	EndGlobalSection
	GlobalSection(SolutionProperties) = preSolution
		HideSolutionNode = FALSE
	EndGlobalSection
	GlobalSection(ExtensibilityGlobals) = postSolution
		SolutionGuid = {A4E0DE6D-B3E6-4C5B-A704-33900D8A8A54}
	EndGlobalSection
EndGlobal
