
Microsoft Visual Studio Solution File, Format Version 12.00
# Visual Studio Version 17
VisualStudioVersion = 17.14.36401.2 d17.14
MinimumVisualStudioVersion = 10.0.40219.1
Project("{FAE04EC0-301F-11D3-BF4B-00C04F79EFBC}") = "SumayMultiplicaciondenumerosCondicionales", "SumayMultiplicaciondenumerosCondicionales\SumayMultiplicaciondenumerosCondicionales.csproj", "{78BA31EF-C7ED-441D-9793-D715A2B8D7BF}"
EndProject
Global
	GlobalSection(SolutionConfigurationPlatforms) = preSolution
		Debug|Any CPU = Debug|Any CPU
		Release|Any CPU = Release|Any CPU
	EndGlobalSection
	GlobalSection(ProjectConfigurationPlatforms) = postSolution
		{78BA31EF-C7ED-441D-9793-D715A2B8D7BF}.Debug|Any CPU.ActiveCfg = Debug|Any CPU
		{78BA31EF-C7ED-441D-9793-D715A2B8D7BF}.Debug|Any CPU.Build.0 = Debug|Any CPU
		{78BA31EF-C7ED-441D-9793-D715A2B8D7BF}.Release|Any CPU.ActiveCfg = Release|Any CPU
		{78BA31EF-C7ED-441D-9793-D715A2B8D7BF}.Release|Any CPU.Build.0 = Release|Any CPU
	EndGlobalSection
	GlobalSection(SolutionProperties) = preSolution
		HideSolutionNode = FALSE
	EndGlobalSection
	GlobalSection(ExtensibilityGlobals) = postSolution
		SolutionGuid = {137EA217-2808-4735-AB9F-6A71E58C8AFE}
	EndGlobalSection
EndGlobal
